// !$*UTF8*$!
{
	archiveVersion = 1;
	classes = {
	};
	objectVersion = 50;
	objects = {

/* Begin PBXBuildFile section */
		15BC017C24BF84EA006EC410 /* AppDelegate.swift in Sources */ = {isa = PBXBuildFile; fileRef = 15BC017B24BF84EA006EC410 /* AppDelegate.swift */; };
		15BC017E24BF84EA006EC410 /* SceneDelegate.swift in Sources */ = {isa = PBXBuildFile; fileRef = 15BC017D24BF84EA006EC410 /* SceneDelegate.swift */; };
		15BC018024BF84EA006EC410 /* ViewController.swift in Sources */ = {isa = PBXBuildFile; fileRef = 15BC017F24BF84EA006EC410 /* ViewController.swift */; };
		15BC018324BF84EA006EC410 /* Main.storyboard in Resources */ = {isa = PBXBuildFile; fileRef = 15BC018124BF84EA006EC410 /* Main.storyboard */; };
		15BC018624BF84EA006EC410 /* Fitnestan.xcdatamodeld in Sources */ = {isa = PBXBuildFile; fileRef = 15BC018424BF84EA006EC410 /* Fitnestan.xcdatamodeld */; };
		15BC018824BF84ED006EC410 /* Assets.xcassets in Resources */ = {isa = PBXBuildFile; fileRef = 15BC018724BF84ED006EC410 /* Assets.xcassets */; };
		15BC018B24BF84ED006EC410 /* LaunchScreen.storyboard in Resources */ = {isa = PBXBuildFile; fileRef = 15BC018924BF84ED006EC410 /* LaunchScreen.storyboard */; };
/* End PBXBuildFile section */

/* Begin PBXFileReference section */
		15BC017824BF84EA006EC410 /* Fitnestan.app */ = {isa = PBXFileReference; explicitFileType = wrapper.application; includeInIndex = 0; path = Fitnestan.app; sourceTree = BUILT_PRODUCTS_DIR; };
		15BC017B24BF84EA006EC410 /* AppDelegate.swift */ = {isa = PBXFileReference; lastKnownFileType = sourcecode.swift; path = AppDelegate.swift; sourceTree = "<group>"; };
		15BC017D24BF84EA006EC410 /* SceneDelegate.swift */ = {isa = PBXFileReference; lastKnownFileType = sourcecode.swift; path = SceneDelegate.swift; sourceTree = "<group>"; };
		15BC017F24BF84EA006EC410 /* ViewController.swift */ = {isa = PBXFileReference; lastKnownFileType = sourcecode.swift; path = ViewController.swift; sourceTree = "<group>"; };
		15BC018224BF84EA006EC410 /* Base */ = {isa = PBXFileReference; lastKnownFileType = file.storyboard; name = Base; path = Base.lproj/Main.storyboard; sourceTree = "<group>"; };
		15BC018524BF84EA006EC410 /* Fitnestan.xcdatamodel */ = {isa = PBXFileReference; lastKnownFileType = wrapper.xcdatamodel; path = Fitnestan.xcdatamodel; sourceTree = "<group>"; };
		15BC018724BF84ED006EC410 /* Assets.xcassets */ = {isa = PBXFileReference; lastKnownFileType = folder.assetcatalog; path = Assets.xcassets; sourceTree = "<group>"; };
		15BC018A24BF84ED006EC410 /* Base */ = {isa = PBXFileReference; lastKnownFileType = file.storyboard; name = Base; path = Base.lproj/LaunchScreen.storyboard; sourceTree = "<group>"; };
		15BC018C24BF84ED006EC410 /* Info.plist */ = {isa = PBXFileReference; lastKnownFileType = text.plist.xml; path = Info.plist; sourceTree = "<group>"; };
/* End PBXFileReference section */

/* Begin PBXFrameworksBuildPhase section */
		15BC017524BF84EA006EC410 /* Frameworks */ = {
			isa = PBXFrameworksBuildPhase;
			buildActionMask = 2147483647;
			files = (
			);
			runOnlyForDeploymentPostprocessing = 0;
		};
/* End PBXFrameworksBuildPhase section */

/* Begin PBXGroup section */
		15BC016F24BF84EA006EC410 = {
			isa = PBXGroup;
			children = (
				15BC017A24BF84EA006EC410 /* Fitnestan */,
				15BC017924BF84EA006EC410 /* Products */,
			);
			sourceTree = "<group>";
		};
		15BC017924BF84EA006EC410 /* Products */ = {
			isa = PBXGroup;
			children = (
				15BC017824BF84EA006EC410 /* Fitnestan.app */,
			);
			name = Products;
			sourceTree = "<group>";
		};
		15BC017A24BF84EA006EC410 /* Fitnestan */ = {
			isa = PBXGroup;
			children = (
				15BC017B24BF84EA006EC410 /* AppDelegate.swift */,
				15BC017D24BF84EA006EC410 /* SceneDelegate.swift */,
				15BC017F24BF84EA006EC410 /* ViewController.swift */,
				15BC018124BF84EA006EC410 /* Main.storyboard */,
				15BC018724BF84ED006EC410 /* Assets.xcassets */,
				15BC018924BF84ED006EC410 /* LaunchScreen.storyboard */,
				15BC018C24BF84ED006EC410 /* Info.plist */,
				15BC018424BF84EA006EC410 /* Fitnestan.xcdatamodeld */,
			);
			path = Fitnestan;
			sourceTree = "<group>";
		};
/* End PBXGroup section */

/* Begin PBXNativeTarget section */
		15BC017724BF84EA006EC410 /* Fitnestan */ = {
			isa = PBXNativeTarget;
			buildConfigurationList = 15BC018F24BF84ED006EC410 /* Build configuration list for PBXNativeTarget "Fitnestan" */;
			buildPhases = (
				15BC017424BF84EA006EC410 /* Sources */,
				15BC017524BF84EA006EC410 /* Frameworks */,
				15BC017624BF84EA006EC410 /* Resources */,
			);
			buildRules = (
			);
			dependencies = (
			);
			name = Fitnestan;
			productName = Fitnestan;
			productReference = 15BC017824BF84EA006EC410 /* Fitnestan.app */;
			productType = "com.apple.product-type.application";
		};
/* End PBXNativeTarget section */

/* Begin PBXProject section */
		15BC017024BF84EA006EC410 /* Project object */ = {
			isa = PBXProject;
			attributes = {
				LastSwiftUpdateCheck = 1150;
				LastUpgradeCheck = 1150;
				ORGANIZATIONNAME = "Srivi Balaji";
				TargetAttributes = {
					15BC017724BF84EA006EC410 = {
						CreatedOnToolsVersion = 11.5;
					};
				};
			};
			buildConfigurationList = 15BC017324BF84EA006EC410 /* Build configuration list for PBXProject "Fitnestan" */;
			compatibilityVersion = "Xcode 9.3";
			developmentRegion = en;
			hasScannedForEncodings = 0;
			knownRegions = (
				en,
				Base,
			);
			mainGroup = 15BC016F24BF84EA006EC410;
			productRefGroup = 15BC017924BF84EA006EC410 /* Products */;
			projectDirPath = "";
			projectRoot = "";
			targets = (
				15BC017724BF84EA006EC410 /* Fitnestan */,
			);
		};
/* End PBXProject section */

/* Begin PBXResourcesBuildPhase section */
		15BC017624BF84EA006EC410 /* Resources */ = {
			isa = PBXResourcesBuildPhase;
			buildActionMask = 2147483647;
			files = (
				15BC018B24BF84ED006EC410 /* LaunchScreen.storyboard in Resources */,
				15BC018824BF84ED006EC410 /* Assets.xcassets in Resources */,
				15BC018324BF84EA006EC410 /* Main.storyboard in Resources */,
			);
			runOnlyForDeploymentPostprocessing = 0;
		};
/* End PBXResourcesBuildPhase section */

/* Begin PBXSourcesBuildPhase section */
		15BC017424BF84EA006EC410 /* Sources */ = {
			isa = PBXSourcesBuildPhase;
			buildActionMask = 2147483647;
			files = (
				15BC018024BF84EA006EC410 /* ViewController.swift in Sources */,
				15BC017C24BF84EA006EC410 /* AppDelegate.swift in Sources */,
				15BC018624BF84EA006EC410 /* Fitnestan.xcdatamodeld in Sources */,
				15BC017E24BF84EA006EC410 /* SceneDelegate.swift in Sources */,
			);
			runOnlyForDeploymentPostprocessing = 0;
		};
/* End PBXSourcesBuildPhase section */

/* Begin PBXVariantGroup section */
		15BC018124BF84EA006EC410 /* Main.storyboard */ = {
			isa = PBXVariantGroup;
			children = (
				15BC018224BF84EA006EC410 /* Base */,
			);
			name = Main.storyboard;
			sourceTree = "<group>";
		};
		15BC018924BF84ED006EC410 /* LaunchScreen.storyboard */ = {
			isa = PBXVariantGroup;
			children = (
				15BC018A24BF84ED006EC410 /* Base */,
			);
			name = LaunchScreen.storyboard;
			sourceTree = "<group>";
		};
/* End PBXVariantGroup section */

/* Begin XCBuildConfiguration section */
		15BC018D24BF84ED006EC410 /* Debug */ = {
			isa = XCBuildConfiguration;
			buildSettings = {
				ALWAYS_SEARCH_USER_PATHS = NO;
				CLANG_ANALYZER_NONNULL = YES;
				CLANG_ANALYZER_NUMBER_OBJECT_CONVERSION = YES_AGGRESSIVE;
				CLANG_CXX_LANGUAGE_STANDARD = "gnu++14";
				CLANG_CXX_LIBRARY = "libc++";
				CLANG_ENABLE_MODULES = YES;
				CLANG_ENABLE_OBJC_ARC = YES;
				CLANG_ENABLE_OBJC_WEAK = YES;
				CLANG_WARN_BLOCK_CAPTURE_AUTORELEASING = YES;
				CLANG_WARN_BOOL_CONVERSION = YES;
				CLANG_WARN_COMMA = YES;
				CLANG_WARN_CONSTANT_CONVERSION = YES;
				CLANG_WARN_DEPRECATED_OBJC_IMPLEMENTATIONS = YES;
				CLANG_WARN_DIRECT_OBJC_ISA_USAGE = YES_ERROR;
				CLANG_WARN_DOCUMENTATION_COMMENTS = YES;
				CLANG_WARN_EMPTY_BODY = YES;
				CLANG_WARN_ENUM_CONVERSION = YES;
				CLANG_WARN_INFINITE_RECURSION = YES;
				CLANG_WARN_INT_CONVERSION = YES;
				CLANG_WARN_NON_LITERAL_NULL_CONVERSION = YES;
				CLANG_WARN_OBJC_IMPLICIT_RETAIN_SELF = YES;
				CLANG_WARN_OBJC_LITERAL_CONVERSION = YES;
				CLANG_WARN_OBJC_ROOT_CLASS = YES_ERROR;
				CLANG_WARN_RANGE_LOOP_ANALYSIS = YES;
				CLANG_WARN_STRICT_PROTOTYPES = YES;
				CLANG_WARN_SUSPICIOUS_MOVE = YES;
				CLANG_WARN_UNGUARDED_AVAILABILITY = YES_AGGRESSIVE;
				CLANG_WARN_UNREACHABLE_CODE = YES;
				CLANG_WARN__DUPLICATE_METHOD_MATCH = YES;
				COPY_PHASE_STRIP = NO;
				DEBUG_INFORMATION_FORMAT = dwarf;
				ENABLE_STRICT_OBJC_MSGSEND = YES;
				ENABLE_TESTABILITY = YES;
				GCC_C_LANGUAGE_STANDARD = gnu11;
				GCC_DYNAMIC_NO_PIC = NO;
				GCC_NO_COMMON_BLOCKS = YES;
				GCC_OPTIMIZATION_LEVEL = 0;
				GCC_PREPROCESSOR_DEFINITIONS = (
					"DEBUG=1",
					"$(inherited)",
				);
				GCC_WARN_64_TO_32_BIT_CONVERSION = YES;
				GCC_WARN_ABOUT_RETURN_TYPE = YES_ERROR;
				GCC_WARN_UNDECLARED_SELECTOR = YES;
				GCC_WARN_UNINITIALIZED_AUTOS = YES_AGGRESSIVE;
				GCC_WARN_UNUSED_FUNCTION = YES;
				GCC_WARN_UNUSED_VARIABLE = YES;
				IPHONEOS_DEPLOYMENT_TARGET = 13.5;
				MTL_ENABLE_DEBUG_INFO = INCLUDE_SOURCE;
				MTL_FAST_MATH = YES;
				ONLY_ACTIVE_ARCH = YES;
				SDKROOT = iphoneos;
				SWIFT_ACTIVE_COMPILATION_CONDITIONS = DEBUG;
				SWIFT_OPTIMIZATION_LEVEL = "-Onone";
			};
			name = Debug;
		};
		15BC018E24BF84ED006EC410 /* Release */ = {
			isa = XCBuildConfiguration;
			buildSettings = {
				ALWAYS_SEARCH_USER_PATHS = NO;
				CLANG_ANALYZER_NONNULL = YES;
				CLANG_ANALYZER_NUMBER_OBJECT_CONVERSION = YES_AGGRESSIVE;
				CLANG_CXX_LANGUAGE_STANDARD = "gnu++14";
				CLANG_CXX_LIBRARY = "libc++";
				CLANG_ENABLE_MODULES = YES;
				CLANG_ENABLE_OBJC_ARC = YES;
				CLANG_ENABLE_OBJC_WEAK = YES;
				CLANG_WARN_BLOCK_CAPTURE_AUTORELEASING = YES;
				CLANG_WARN_BOOL_CONVERSION = YES;
				CLANG_WARN_COMMA = YES;
				CLANG_WARN_CONSTANT_CONVERSION = YES;
				CLANG_WARN_DEPRECATED_OBJC_IMPLEMENTATIONS = YES;
				CLANG_WARN_DIRECT_OBJC_ISA_USAGE = YES_ERROR;
				CLANG_WARN_DOCUMENTATION_COMMENTS = YES;
				CLANG_WARN_EMPTY_BODY = YES;
				CLANG_WARN_ENUM_CONVERSION = YES;
				CLANG_WARN_INFINITE_RECURSION = YES;
				CLANG_WARN_INT_CONVERSION = YES;
				CLANG_WARN_NON_LITERAL_NULL_CONVERSION = YES;
				CLANG_WARN_OBJC_IMPLICIT_RETAIN_SELF = YES;
				CLANG_WARN_OBJC_LITERAL_CONVERSION = YES;
				CLANG_WARN_OBJC_ROOT_CLASS = YES_ERROR;
				CLANG_WARN_RANGE_LOOP_ANALYSIS = YES;
				CLANG_WARN_STRICT_PROTOTYPES = YES;
				CLANG_WARN_SUSPICIOUS_MOVE = YES;
				CLANG_WARN_UNGUARDED_AVAILABILITY = YES_AGGRESSIVE;
				CLANG_WARN_UNREACHABLE_CODE = YES;
				CLANG_WARN__DUPLICATE_METHOD_MATCH = YES;
				COPY_PHASE_STRIP = NO;
				DEBUG_INFORMATION_FORMAT = "dwarf-with-dsym";
				ENABLE_NS_ASSERTIONS = NO;
				ENABLE_STRICT_OBJC_MSGSEND = YES;
				GCC_C_LANGUAGE_STANDARD = gnu11;
				GCC_NO_COMMON_BLOCKS = YES;
				GCC_WARN_64_TO_32_BIT_CONVERSION = YES;
				GCC_WARN_ABOUT_RETURN_TYPE = YES_ERROR;
				GCC_WARN_UNDECLARED_SELECTOR = YES;
				GCC_WARN_UNINITIALIZED_AUTOS = YES_AGGRESSIVE;
				GCC_WARN_UNUSED_FUNCTION = YES;
				GCC_WARN_UNUSED_VARIABLE = YES;
				IPHONEOS_DEPLOYMENT_TARGET = 13.5;
				MTL_ENABLE_DEBUG_INFO = NO;
				MTL_FAST_MATH = YES;
				SDKROOT = iphoneos;
				SWIFT_COMPILATION_MODE = wholemodule;
				SWIFT_OPTIMIZATION_LEVEL = "-O";
				VALIDATE_PRODUCT = YES;
			};
			name = Release;
		};
		15BC019024BF84ED006EC410 /* Debug */ = {
			isa = XCBuildConfiguration;
			buildSettings = {
				ASSETCATALOG_COMPILER_APPICON_NAME = AppIcon;
				CODE_SIGN_STYLE = Automatic;
				INFOPLIST_FILE = Fitnestan/Info.plist;
				LD_RUNPATH_SEARCH_PATHS = (
					"$(inherited)",
					"@executable_path/Frameworks",
				);
				PRODUCT_BUNDLE_IDENTIFIER = com.srivi.Fitnestan;
				PRODUCT_NAME = "$(TARGET_NAME)";
				SWIFT_VERSION = 5.0;
				TARGETED_DEVICE_FAMILY = "1,2";
			};
			name = Debug;
		};
		15BC019124BF84ED006EC410 /* Release */ = {
			isa = XCBuildConfiguration;
			buildSettings = {
				ASSETCATALOG_COMPILER_APPICON_NAME = AppIcon;
				CODE_SIGN_STYLE = Automatic;
				INFOPLIST_FILE = Fitnestan/Info.plist;
				LD_RUNPATH_SEARCH_PATHS = (
					"$(inherited)",
					"@executable_path/Frameworks",
				);
				PRODUCT_BUNDLE_IDENTIFIER = com.srivi.Fitnestan;
				PRODUCT_NAME = "$(TARGET_NAME)";
				SWIFT_VERSION = 5.0;
				TARGETED_DEVICE_FAMILY = "1,2";
			};
			name = Release;
		};
/* End XCBuildConfiguration section */

/* Begin XCConfigurationList section */
		15BC017324BF84EA006EC410 /* Build configuration list for PBXProject "Fitnestan" */ = {
			isa = XCConfigurationList;
			buildConfigurations = (
				15BC018D24BF84ED006EC410 /* Debug */,
				15BC018E24BF84ED006EC410 /* Release */,
			);
			defaultConfigurationIsVisible = 0;
			defaultConfigurationName = Release;
		};
		15BC018F24BF84ED006EC410 /* Build configuration list for PBXNativeTarget "Fitnestan" */ = {
			isa = XCConfigurationList;
			buildConfigurations = (
				15BC019024BF84ED006EC410 /* Debug */,
				15BC019124BF84ED006EC410 /* Release */,
			);
			defaultConfigurationIsVisible = 0;
			defaultConfigurationName = Release;
		};
/* End XCConfigurationList section */

/* Begin XCVersionGroup section */
		15BC018424BF84EA006EC410 /* Fitnestan.xcdatamodeld */ = {
			isa = XCVersionGroup;
			children = (
				15BC018524BF84EA006EC410 /* Fitnestan.xcdatamodel */,
			);
			currentVersion = 15BC018524BF84EA006EC410 /* Fitnestan.xcdatamodel */;
			path = Fitnestan.xcdatamodeld;
			sourceTree = "<group>";
			versionGroupType = wrapper.xcdatamodel;
		};
/* End XCVersionGroup section */
	};
	rootObject = 15BC017024BF84EA006EC410 /* Project object */;
}
